
Microsoft Visual Studio Solution File, Format Version 12.00
# Visual Studio Version 16
VisualStudioVersion = 16.0.30517.126
MinimumVisualStudioVersion = 10.0.40219.1
Project("{FAE04EC0-301F-11D3-BF4B-00C04F79EFBC}") = "WebApp", "WebApp\WebApp.csproj", "{B254F30B-A8CA-4422-89D2-8F0CB13110EA}"
EndProject
Global
	GlobalSection(SolutionConfigurationPlatforms) = preSolution
		Debug|Any CPU = Debug|Any CPU
		Release|Any CPU = Release|Any CPU
	EndGlobalSection
	GlobalSection(ProjectConfigurationPlatforms) = postSolution
		{B254F30B-A8CA-4422-89D2-8F0CB13110EA}.Debug|Any CPU.ActiveCfg = Debug|Any CPU
		{B254F30B-A8CA-4422-89D2-8F0CB13110EA}.Debug|Any CPU.Build.0 = Debug|Any CPU
		{B254F30B-A8CA-4422-89D2-8F0CB13110EA}.Release|Any CPU.ActiveCfg = Release|Any CPU
		{B254F30B-A8CA-4422-89D2-8F0CB13110EA}.Release|Any CPU.Build.0 = Release|Any CPU
	EndGlobalSection
	GlobalSection(SolutionProperties) = preSolution
		HideSolutionNode = FALSE
	EndGlobalSection
	GlobalSection(ExtensibilityGlobals) = postSolution
		SolutionGuid = {5EB7B836-F467-4F35-91AC-6ABA95D2C989}
	EndGlobalSection
EndGlobal
